[[package]]
name = "aioserial"
version = "1.3.0"
description = "An asynchronous serial port library of Python"
category = "main"
optional = false
python-versions = ">=3.6,<4.0"

[package.dependencies]
pyserial = "*"

[[package]]
name = "appdirs"
version = "1.4.4"
description = "A small Python module for determining appropriate platform-specific dirs, e.g. a \"user data dir\"."
category = "main"
optional = false
python-versions = "*"

[[package]]
name = "certifi"
version = "2020.4.5.1"
description = "Python package for providing Mozilla's CA Bundle."
category = "main"
optional = false
python-versions = "*"

[[package]]
name = "cffi"
version = "1.14.2"
description = "Foreign Function Interface for Python calling C code."
category = "main"
optional = false
python-versions = "*"

[package.dependencies]
pycparser = "*"

[[package]]
name = "chardet"
version = "3.0.4"
description = "Universal encoding detector for Python 2 and 3"
category = "main"
optional = false
python-versions = "*"

[[package]]
name = "cmsis-pack-manager"
version = "0.2.10"
description = ""
category = "main"
optional = false
python-versions = "*"

[package.dependencies]
appdirs = ">=1.4"
milksnake = ">=0.1.2"
pyyaml = ">=3.12"

[[package]]
name = "colorama"
version = "0.4.4"
description = "Cross-platform colored terminal text."
category = "main"
optional = false
python-versions = ">=2.7, !=3.0.*, !=3.1.*, !=3.2.*, !=3.3.*, !=3.4.*"

[[package]]
name = "easyprocess"
version = "0.2.10"
description = "Easy to use python subprocess interface."
category = "main"
optional = false
python-versions = "*"

[[package]]
name = "future"
version = "0.18.2"
description = "Clean single-source support for Python 3 and 2"
category = "main"
optional = false
python-versions = ">=2.6, !=3.0.*, !=3.1.*, !=3.2.*"

[[package]]
name = "hidapi"
version = "0.10.0.post1"
description = "A Cython interface to the hidapi from https://github.com/libusb/hidapi"
category = "main"
optional = false
python-versions = "*"

[[package]]
name = "idna"
version = "2.7"
description = "Internationalized Domain Names in Applications (IDNA)"
category = "main"
optional = false
python-versions = "*"

[[package]]
name = "intelhex"
version = "2.3.0"
description = "Python library for Intel HEX files manipulations"
category = "main"
optional = false
python-versions = "*"

[[package]]
name = "intervaltree"
version = "3.1.0"
description = "Editable interval tree data structure for Python 2 and 3"
category = "main"
optional = false
python-versions = "*"

[package.dependencies]
sortedcontainers = ">=2.0,<3.0"

[[package]]
name = "milksnake"
version = "0.1.5"
description = "A python library that extends setuptools for binary extensions."
category = "main"
optional = false
python-versions = "*"

[package.dependencies]
cffi = ">=1.6.0"

[[package]]
name = "naturalsort"
version = "1.5.1"
description = "Simple natural order sorting API for Python"
category = "main"
optional = false
python-versions = "*"

[[package]]
name = "netifaces"
version = "0.10.7"
description = "Portable network interface information."
category = "main"
optional = false
python-versions = "*"

[[package]]
name = "pexpect"
version = "4.7.0"
description = "Pexpect allows easy control of interactive console applications."
category = "main"
optional = false
python-versions = "*"

[package.dependencies]
ptyprocess = ">=0.5"

[[package]]
name = "prettytable"
version = "1.0.1"
description = "A simple Python library for easily displaying tabular data in a visually appealing ASCII table format"
category = "main"
optional = false
python-versions = ">=2.7, !=3.0.*, !=3.1.*, !=3.2.*, !=3.3.*, !=3.4.*"

[package.dependencies]
wcwidth = "*"

[package.extras]
tests = ["pytest", "pytest-cov"]

[[package]]
name = "psutil"
version = "5.7.3"
description = "Cross-platform lib for process and system monitoring in Python."
category = "main"
optional = false
python-versions = ">=2.6, !=3.0.*, !=3.1.*, !=3.2.*, !=3.3.*"

[package.extras]
test = ["ipaddress", "mock", "unittest2", "enum34", "pywin32", "wmi"]

[[package]]
name = "ptyprocess"
version = "0.6.0"
description = "Run a subprocess in a pseudo terminal"
category = "main"
optional = false
python-versions = "*"

[[package]]
name = "pycparser"
version = "2.20"
description = "C parser in Python"
category = "main"
optional = false
python-versions = ">=2.7, !=3.0.*, !=3.1.*, !=3.2.*, !=3.3.*"

[[package]]
name = "pyelftools"
version = "0.27"
description = "Library for analyzing ELF files and DWARF debugging information"
category = "main"
optional = false
python-versions = "*"

[[package]]
name = "pylink-square"
version = "0.8.1"
description = "Python interface for SEGGER J-Link."
category = "main"
optional = false
python-versions = "*"

[package.dependencies]
future = "*"
psutil = ">=5.2.2"
six = "*"

[[package]]
name = "pyocd"
version = "0.28.3"
description = "Cortex-M debugger for Python"
category = "main"
optional = false
python-versions = ">=2.7.9, !=3.0.*, !=3.1.*, !=3.2.*, !=3.3.*"

[package.dependencies]
cmsis-pack-manager = ">=0.2.7"
colorama = "*"
hidapi = {version = "*", markers = "platform_system == \"Darwin\""}
intelhex = ">=2.0,<3.0"
intervaltree = ">=3.0.2,<4.0"
naturalsort = ">=1.5,<2.0"
prettytable = "*"
pyelftools = "*"
pylink-square = "*"
pyusb = ">=1.0.0b2,<2.0"
pywinusb = {version = ">=0.4.0", markers = "platform_system == \"Windows\""}
pyyaml = ">=5.1,<6.0"
six = ">=1.0,<2.0"

[package.extras]
dissassembler = ["capstone"]

[[package]]
name = "pyserial"
version = "3.4"
description = "Python Serial Port Extension"
category = "main"
optional = false
python-versions = "*"

[[package]]
name = "pyusb"
version = "1.1.0"
description = "Python USB access module"
category = "main"
optional = false
python-versions = "*"

[[package]]
name = "pyvirtualdisplay"
version = "0.2.5"
description = "python wrapper for Xvfb, Xephyr and Xvnc"
category = "main"
optional = false
python-versions = "*"

[package.dependencies]
EasyProcess = "*"

[[package]]
name = "pywin32"
version = "300"
description = "Python for Window Extensions"
category = "main"
optional = false
python-versions = "*"

[[package]]
name = "pywinusb"
version = "0.4.2"
description = "A package that simplifies USB/HID communications on windows"
category = "main"
optional = false
python-versions = "*"

[[package]]
name = "pyyaml"
version = "5.3.1"
description = "YAML parser and emitter for Python"
category = "main"
optional = false
python-versions = ">=2.7, !=3.0.*, !=3.1.*, !=3.2.*, !=3.3.*, !=3.4.*"

[[package]]
name = "requests"
version = "2.20.1"
description = "Python HTTP for Humans."
category = "main"
optional = false
python-versions = ">=2.7, !=3.0.*, !=3.1.*, !=3.2.*, !=3.3.*"

[package.dependencies]
certifi = ">=2017.4.17"
chardet = ">=3.0.2,<3.1.0"
idna = ">=2.5,<2.8"
urllib3 = ">=1.21.1,<1.25"

[package.extras]
security = ["pyOpenSSL (>=0.14)", "cryptography (>=1.3.4)", "idna (>=2.0.0)"]
socks = ["PySocks (>=1.5.6,<1.5.7 || >1.5.7)", "win-inet-pton"]

[[package]]
name = "ruamel.yaml"
version = "0.16.10"
description = "ruamel.yaml is a YAML parser/emitter that supports roundtrip preservation of comments, seq/map flow style, and map key order"
category = "main"
optional = false
python-versions = "*"

[package.dependencies]
"ruamel.yaml.clib" = {version = ">=0.1.2", markers = "platform_python_implementation == \"CPython\" and python_version < \"3.9\""}

[package.extras]
docs = ["ryd"]
jinja2 = ["ruamel.yaml.jinja2 (>=0.2)"]

[[package]]
name = "ruamel.yaml.clib"
version = "0.2.0"
description = "C version of reader, parser and emitter for ruamel.yaml derived from libyaml"
category = "main"
optional = false
python-versions = "*"

[[package]]
name = "selenium"
version = "3.141.0"
description = "Python bindings for Selenium"
category = "main"
optional = false
python-versions = "*"

[package.dependencies]
urllib3 = "*"

[[package]]
name = "six"
version = "1.15.0"
description = "Python 2 and 3 compatibility utilities"
category = "main"
optional = false
python-versions = ">=2.7, !=3.0.*, !=3.1.*, !=3.2.*"

[[package]]
name = "sortedcontainers"
version = "2.3.0"
description = "Sorted Containers -- Sorted List, Sorted Dict, Sorted Set"
category = "main"
optional = false
python-versions = "*"

[[package]]
name = "urllib3"
version = "1.24.3"
description = "HTTP library with thread-safe connection pooling, file post, and more."
category = "main"
optional = false
python-versions = ">=2.7, !=3.0.*, !=3.1.*, !=3.2.*, !=3.3.*, <4"

[package.extras]
secure = ["pyOpenSSL (>=0.14)", "cryptography (>=1.3.4)", "idna (>=2.0.0)", "certifi", "ipaddress"]
socks = ["PySocks (>=1.5.6,<1.5.7 || >1.5.7,<2.0)"]

[[package]]
name = "wcwidth"
version = "0.2.5"
description = "Measures the displayed width of unicode strings in a terminal"
category = "main"
optional = false
python-versions = "*"

[[package]]
name = "wmi"
version = "1.5.1"
description = "Windows Management Instrumentation"
category = "main"
optional = false
python-versions = "*"

[package.dependencies]
pywin32 = "*"

[package.extras]
all = ["pytest", "wheel", "twine", "sphinx"]
dev = ["pytest", "sphinx", "wheel", "twine"]
docs = ["sphinx"]
package = ["wheel", "twine"]
tests = ["pytest"]

[metadata]
lock-version = "1.1"
python-versions = "^3.8"
content-hash = "9a5834687d4a739a187957491aab7bd5037b43da40b5f7e10b6d53851f6d8526"

[metadata.files]
aioserial = [
    {file = "aioserial-1.3.0-py3-none-any.whl", hash = "sha256:6f2ef198d2c944dffb12e0ed560222004f0d35d34b4279e26523fd207de45ff7"},
    {file = "aioserial-1.3.0.tar.gz", hash = "sha256:3018a083d370365aea9665fe0756fd0bf84871b0f857139c90590939341f1220"},
]
appdirs = [
    {file = "appdirs-1.4.4-py2.py3-none-any.whl", hash = "sha256:a841dacd6b99318a741b166adb07e19ee71a274450e68237b4650ca1055ab128"},
    {file = "appdirs-1.4.4.tar.gz", hash = "sha256:7d5d0167b2b1ba821647616af46a749d1c653740dd0d2415100fe26e27afdf41"},
]
certifi = [
    {file = "certifi-2020.4.5.1-py2.py3-none-any.whl", hash = "sha256:1d987a998c75633c40847cc966fcf5904906c920a7f17ef374f5aa4282abd304"},
    {file = "certifi-2020.4.5.1.tar.gz", hash = "sha256:51fcb31174be6e6664c5f69e3e1691a2d72a1a12e90f872cbdb1567eb47b6519"},
]
cffi = [
    {file = "cffi-1.14.2-cp27-cp27m-macosx_10_9_x86_64.whl", hash = "sha256:da9d3c506f43e220336433dffe643fbfa40096d408cb9b7f2477892f369d5f82"},
    {file = "cffi-1.14.2-cp27-cp27m-manylinux1_i686.whl", hash = "sha256:23e44937d7695c27c66a54d793dd4b45889a81b35c0751ba91040fe825ec59c4"},
    {file = "cffi-1.14.2-cp27-cp27m-manylinux1_x86_64.whl", hash = "sha256:0da50dcbccd7cb7e6c741ab7912b2eff48e85af217d72b57f80ebc616257125e"},
    {file = "cffi-1.14.2-cp27-cp27m-win32.whl", hash = "sha256:76ada88d62eb24de7051c5157a1a78fd853cca9b91c0713c2e973e4196271d0c"},
    {file = "cffi-1.14.2-cp27-cp27m-win_amd64.whl", hash = "sha256:15a5f59a4808f82d8ec7364cbace851df591c2d43bc76bcbe5c4543a7ddd1bf1"},
    {file = "cffi-1.14.2-cp27-cp27mu-manylinux1_i686.whl", hash = "sha256:e4082d832e36e7f9b2278bc774886ca8207346b99f278e54c9de4834f17232f7"},
    {file = "cffi-1.14.2-cp27-cp27mu-manylinux1_x86_64.whl", hash = "sha256:57214fa5430399dffd54f4be37b56fe22cedb2b98862550d43cc085fb698dc2c"},
    {file = "cffi-1.14.2-cp35-cp35m-macosx_10_9_x86_64.whl", hash = "sha256:6843db0343e12e3f52cc58430ad559d850a53684f5b352540ca3f1bc56df0731"},
    {file = "cffi-1.14.2-cp35-cp35m-manylinux1_i686.whl", hash = "sha256:577791f948d34d569acb2d1add5831731c59d5a0c50a6d9f629ae1cefd9ca4a0"},
    {file = "cffi-1.14.2-cp35-cp35m-manylinux1_x86_64.whl", hash = "sha256:8662aabfeab00cea149a3d1c2999b0731e70c6b5bac596d95d13f643e76d3d4e"},
    {file = "cffi-1.14.2-cp35-cp35m-win32.whl", hash = "sha256:837398c2ec00228679513802e3744d1e8e3cb1204aa6ad408b6aff081e99a487"},
    {file = "cffi-1.14.2-cp35-cp35m-win_amd64.whl", hash = "sha256:bf44a9a0141a082e89c90e8d785b212a872db793a0080c20f6ae6e2a0ebf82ad"},
    {file = "cffi-1.14.2-cp36-cp36m-macosx_10_9_x86_64.whl", hash = "sha256:29c4688ace466a365b85a51dcc5e3c853c1d283f293dfcc12f7a77e498f160d2"},
    {file = "cffi-1.14.2-cp36-cp36m-manylinux1_i686.whl", hash = "sha256:99cc66b33c418cd579c0f03b77b94263c305c389cb0c6972dac420f24b3bf123"},
    {file = "cffi-1.14.2-cp36-cp36m-manylinux1_x86_64.whl", hash = "sha256:65867d63f0fd1b500fa343d7798fa64e9e681b594e0a07dc934c13e76ee28fb1"},
    {file = "cffi-1.14.2-cp36-cp36m-win32.whl", hash = "sha256:f5033952def24172e60493b68717792e3aebb387a8d186c43c020d9363ee7281"},
    {file = "cffi-1.14.2-cp36-cp36m-win_amd64.whl", hash = "sha256:7057613efefd36cacabbdbcef010e0a9c20a88fc07eb3e616019ea1692fa5df4"},
    {file = "cffi-1.14.2-cp37-cp37m-macosx_10_9_x86_64.whl", hash = "sha256:6539314d84c4d36f28d73adc1b45e9f4ee2a89cdc7e5d2b0a6dbacba31906798"},
    {file = "cffi-1.14.2-cp37-cp37m-manylinux1_i686.whl", hash = "sha256:672b539db20fef6b03d6f7a14b5825d57c98e4026401fce838849f8de73fe4d4"},
    {file = "cffi-1.14.2-cp37-cp37m-manylinux1_x86_64.whl", hash = "sha256:95e9094162fa712f18b4f60896e34b621df99147c2cee216cfa8f022294e8e9f"},
    {file = "cffi-1.14.2-cp37-cp37m-win32.whl", hash = "sha256:b9aa9d8818c2e917fa2c105ad538e222a5bce59777133840b93134022a7ce650"},
    {file = "cffi-1.14.2-cp37-cp37m-win_amd64.whl", hash = "sha256:e4b9b7af398c32e408c00eb4e0d33ced2f9121fd9fb978e6c1b57edd014a7d15"},
    {file = "cffi-1.14.2-cp38-cp38-macosx_10_9_x86_64.whl", hash = "sha256:e613514a82539fc48291d01933951a13ae93b6b444a88782480be32245ed4afa"},
    {file = "cffi-1.14.2-cp38-cp38-manylinux1_i686.whl", hash = "sha256:9b219511d8b64d3fa14261963933be34028ea0e57455baf6781fe399c2c3206c"},
    {file = "cffi-1.14.2-cp38-cp38-manylinux1_x86_64.whl", hash = "sha256:c0b48b98d79cf795b0916c57bebbc6d16bb43b9fc9b8c9f57f4cf05881904c75"},
    {file = "cffi-1.14.2-cp38-cp38-win32.whl", hash = "sha256:15419020b0e812b40d96ec9d369b2bc8109cc3295eac6e013d3261343580cc7e"},
    {file = "cffi-1.14.2-cp38-cp38-win_amd64.whl", hash = "sha256:12a453e03124069b6896107ee133ae3ab04c624bb10683e1ed1c1663df17c13c"},
    {file = "cffi-1.14.2.tar.gz", hash = "sha256:ae8f34d50af2c2154035984b8b5fc5d9ed63f32fe615646ab435b05b132ca91b"},
]
chardet = [
    {file = "chardet-3.0.4-py2.py3-none-any.whl", hash = "sha256:fc323ffcaeaed0e0a02bf4d117757b98aed530d9ed4531e3e15460124c106691"},
    {file = "chardet-3.0.4.tar.gz", hash = "sha256:84ab92ed1c4d4f16916e05906b6b75a6c0fb5db821cc65e70cbd64a3e2a5eaae"},
]
cmsis-pack-manager = [
    {file = "cmsis-pack-manager-0.2.10.tar.gz", hash = "sha256:3b53e1a73c8794f15f634f2ce7acd202d3acd00df7c203e45a13386c9ae1ae96"},
    {file = "cmsis_pack_manager-0.2.10-py2.py3-none-macosx_10_13_x86_64.whl", hash = "sha256:86067c935ab6192d01d9ccb80992bd9ffdf47e4c90d3cc7ec88afdca30f2476a"},
    {file = "cmsis_pack_manager-0.2.10-py2.py3-none-manylinux1_x86_64.whl", hash = "sha256:825c4d166502e8814253541f15c4abbb6800b6631ea8dd7d105e7f4ffc737f63"},
    {file = "cmsis_pack_manager-0.2.10-py2.py3-none-win32.whl", hash = "sha256:5621ecc625a068361a8b3a746596ab17d996b1a421e18e796e4f16a0b8dc8f10"},
    {file = "cmsis_pack_manager-0.2.10-py2.py3-none-win_amd64.whl", hash = "sha256:e0e9fdde89235d4e595938e9f8cb66f4465a37edbd26acbf4ca2c0061c301e64"},
]
colorama = [
    {file = "colorama-0.4.4-py2.py3-none-any.whl", hash = "sha256:9f47eda37229f68eee03b24b9748937c7dc3868f906e8ba69fbcbdd3bc5dc3e2"},
    {file = "colorama-0.4.4.tar.gz", hash = "sha256:5941b2b48a20143d2267e95b1c2a7603ce057ee39fd88e7329b0c292aa16869b"},
]
easyprocess = [
    {file = "EasyProcess-0.2.10-py2.py3-none-any.whl", hash = "sha256:0f62037295e5bdbaf73b28415e712965b738c67999fd2c53aaa984db5dea40e0"},
    {file = "EasyProcess-0.2.10.tar.gz", hash = "sha256:636b5e30222cde1e881fafc0112b35d516bce41ddee83ecbac656dec9befea1b"},
]
future = [
    {file = "future-0.18.2.tar.gz", hash = "sha256:b1bead90b70cf6ec3f0710ae53a525360fa360d306a86583adc6bf83a4db537d"},
]
hidapi = [
    {file = "hidapi-0.10.0.post1-cp35-cp35m-win32.whl", hash = "sha256:56e0c75ed965125387f215d2929876e48b12477bfac698af7070bfaea118cf70"},
    {file = "hidapi-0.10.0.post1-cp35-cp35m-win_amd64.whl", hash = "sha256:1c601d9a229ea1f3b20bb39b215e55d71fd5e59a9a8a54cb7c841f79c0cb205b"},
    {file = "hidapi-0.10.0.post1-cp36-cp36m-win32.whl", hash = "sha256:7964314fc5888ad5068740943241f656f9e528c0eda665f99318f503439073ba"},
    {file = "hidapi-0.10.0.post1-cp36-cp36m-win_amd64.whl", hash = "sha256:ba7beb4064b882553c98b5d75de33679828e4df3d105973ce4150dacd8c0c3ad"},
    {file = "hidapi-0.10.0.post1-cp37-cp37m-win32.whl", hash = "sha256:6bc618393d0efa4ce3257df09e2aa526a607552713e006ab7eb2c19e7775369d"},
    {file = "hidapi-0.10.0.post1-cp37-cp37m-win_amd64.whl", hash = "sha256:f3e154ca3742093835955df36bfcf6881fb513844379d7273c056b8e81932b65"},
    {file = "hidapi-0.10.0.post1-cp38-cp38-win32.whl", hash = "sha256:e65df6b3adf474ed351470fba5748c2a332f30a5358b5454a08859d884e544fa"},
    {file = "hidapi-0.10.0.post1-cp38-cp38-win_amd64.whl", hash = "sha256:bbe9ad7d3badae97510dd887d281bf86b8429f3df3d6915b5174d6d580b7e40e"},
    {file = "hidapi-0.10.0.post1.tar.gz", hash = "sha256:27c04d42a7187becf7a8309d4846aa4f235ac8b7dafd758335b109f5cbd3b962"},
]
idna = [
    {file = "idna-2.7-py2.py3-none-any.whl", hash = "sha256:156a6814fb5ac1fc6850fb002e0852d56c0c8d2531923a51032d1b70760e186e"},
    {file = "idna-2.7.tar.gz", hash = "sha256:684a38a6f903c1d71d6d5fac066b58d7768af4de2b832e426ec79c30daa94a16"},
]
intelhex = [
    {file = "intelhex-2.3.0-py2.py3-none-any.whl", hash = "sha256:87cc5225657524ec6361354be928adfd56bcf2a3dcc646c40f8f094c39c07db4"},
    {file = "intelhex-2.3.0.tar.gz", hash = "sha256:892b7361a719f4945237da8ccf754e9513db32f5628852785aea108dcd250093"},
]
intervaltree = [
    {file = "intervaltree-3.1.0.tar.gz", hash = "sha256:902b1b88936918f9b2a19e0e5eb7ccb430ae45cde4f39ea4b36932920d33952d"},
]
milksnake = [
    {file = "milksnake-0.1.5-py2.py3-none-any.whl", hash = "sha256:550ca1fc4222724149ee5a933e6bb8347630c0ed023a2a97701ab94fa256f6b4"},
    {file = "milksnake-0.1.5.zip", hash = "sha256:dfcd43b78bcf93897a75eea1dadf71c848319f19451cff4f3f3a628a5abe1688"},
]
naturalsort = [
    {file = "naturalsort-1.5.1.tar.gz", hash = "sha256:172b5ed6e7ba3420c08ba2ded1c52fe74878f5d769dc5d9dec2b6a53e7117356"},
]
netifaces = [
    {file = "netifaces-0.10.7-cp27-cp27m-macosx_10_13_x86_64.whl", hash = "sha256:aea569ce1a5a75b010758097199f84d9a3a109a696473c635bcf82f8a43cc551"},
    {file = "netifaces-0.10.7-cp27-cp27m-manylinux1_i686.whl", hash = "sha256:4817871b226082600b64578549b9932bb07c1a42e9311ddd7c9dad08ff1fb22f"},
    {file = "netifaces-0.10.7-cp27-cp27m-manylinux1_x86_64.whl", hash = "sha256:2acb23ca092cc53b2b1f374132bbef5dd843767f6b10d31024f958474a1dfe96"},
    {file = "netifaces-0.10.7-cp27-cp27m-win32.whl", hash = "sha256:a77263e046636a761a2c3eeb0a56b5f8fa64f865efec91a9be008a46412b4ddd"},
    {file = "netifaces-0.10.7-cp27-cp27mu-manylinux1_i686.whl", hash = "sha256:e6d52aee254f9cf6192b54c156c67d54dcf451bec6781580844af892e4bf36bb"},
    {file = "netifaces-0.10.7-cp27-cp27mu-manylinux1_x86_64.whl", hash = "sha256:9cf8cb2de7524c34808e6111dfb9f89e3b7c568e6953b3e02b8397447a6d8303"},
    {file = "netifaces-0.10.7-cp33-cp33m-manylinux1_i686.whl", hash = "sha256:7ea8eb1e824f74c161396f0d6d76fa3943462ee9a4629c387c10399d2aee058c"},
    {file = "netifaces-0.10.7-cp34-cp34m-manylinux1_i686.whl", hash = "sha256:38969c101f1e61c2a53af6a7b635f63e81085ae87413f1f5551a4d7057f5f773"},
    {file = "netifaces-0.10.7-cp34-cp34m-manylinux1_x86_64.whl", hash = "sha256:e76d38d9cff51ecf9fd5b8d0adf63f7b8875e1ac8548ccb52264939e308b771e"},
    {file = "netifaces-0.10.7-cp34-cp34m-win32.whl", hash = "sha256:674498dad41dacd86ec82e9e1793f9d8716755085c3776f051a266b1634a0b60"},
    {file = "netifaces-0.10.7-cp35-cp35m-manylinux1_i686.whl", hash = "sha256:e1037cfad0e99a23fb4829f40302f3696395358950ba9f0315363a0e1eb04af6"},
    {file = "netifaces-0.10.7-cp35-cp35m-manylinux1_x86_64.whl", hash = "sha256:1edeea7d739b1d716d15214039386e999f2e374aaeac0703092132b4e55ba461"},
    {file = "netifaces-0.10.7-cp35-cp35m-win32.whl", hash = "sha256:19df6feff2af7a9179e42afdd01d79616d85b7ff4401b55ffce2df29d512a017"},
    {file = "netifaces-0.10.7-cp36-cp36m-macosx_10_13_x86_64.whl", hash = "sha256:0083ff8d89c559d0da0811c4930cf36e4945da0f03749e0f108678098d7d1607"},
    {file = "netifaces-0.10.7-cp36-cp36m-manylinux1_i686.whl", hash = "sha256:1a4082a52f521ceeaf3d0ff25c61a06d46444f3578f487935652ecc93becf538"},
    {file = "netifaces-0.10.7-cp36-cp36m-manylinux1_x86_64.whl", hash = "sha256:4bb6b02b7c485a595a9d75346df3a77fcaa12d2352437c49c2d73ed968572d72"},
    {file = "netifaces-0.10.7-cp36-cp36m-win32.whl", hash = "sha256:8a69dc2743dcbb9b87fa3453820852f0feabc17b03d3841619e8e63f5d3902d5"},
    {file = "netifaces-0.10.7-cp36-cp36m-win_amd64.whl", hash = "sha256:179f2463469fe69c829c96c7b332c7fd3f01652311e36ae11e409e5b34eb9dad"},
    {file = "netifaces-0.10.7.tar.gz", hash = "sha256:bd590fcb75421537d4149825e1e63cca225fd47dad861710c46bd1cb329d8cbd"},
]
pexpect = [
    {file = "pexpect-4.7.0-py2.py3-none-any.whl", hash = "sha256:2094eefdfcf37a1fdbfb9aa090862c1a4878e5c7e0e7e7088bdb511c558e5cd1"},
    {file = "pexpect-4.7.0.tar.gz", hash = "sha256:9e2c1fd0e6ee3a49b28f95d4b33bc389c89b20af6a1255906e90ff1262ce62eb"},
]
prettytable = [
    {file = "prettytable-1.0.1-py2.py3-none-any.whl", hash = "sha256:e7e464e8f7ecfd9a74c67f8da35f2a7da3d827235ba0a4737bb6d4b19f4a04bb"},
    {file = "prettytable-1.0.1.tar.gz", hash = "sha256:6bb7f539903cb031fecb855b615cbcac8cd245ebc6fa51c6e23ab3386db89771"},
]
psutil = [
    {file = "psutil-5.7.3-cp27-none-win32.whl", hash = "sha256:1cd6a0c9fb35ece2ccf2d1dd733c1e165b342604c67454fd56a4c12e0a106787"},
    {file = "psutil-5.7.3-cp27-none-win_amd64.whl", hash = "sha256:e02c31b2990dcd2431f4524b93491941df39f99619b0d312dfe1d4d530b08b4b"},
    {file = "psutil-5.7.3-cp35-cp35m-win32.whl", hash = "sha256:56c85120fa173a5d2ad1d15a0c6e0ae62b388bfb956bb036ac231fbdaf9e4c22"},
    {file = "psutil-5.7.3-cp35-cp35m-win_amd64.whl", hash = "sha256:fa38ac15dbf161ab1e941ff4ce39abd64b53fec5ddf60c23290daed2bc7d1157"},
    {file = "psutil-5.7.3-cp36-cp36m-win32.whl", hash = "sha256:01bc82813fbc3ea304914581954979e637bcc7084e59ac904d870d6eb8bb2bc7"},
    {file = "psutil-5.7.3-cp36-cp36m-win_amd64.whl", hash = "sha256:6a3e1fd2800ca45083d976b5478a2402dd62afdfb719b30ca46cd28bb25a2eb4"},
    {file = "psutil-5.7.3-cp37-cp37m-win32.whl", hash = "sha256:fbcac492cb082fa38d88587d75feb90785d05d7e12d4565cbf1ecc727aff71b7"},
    {file = "psutil-5.7.3-cp37-cp37m-win_amd64.whl", hash = "sha256:5d9106ff5ec2712e2f659ebbd112967f44e7d33f40ba40530c485cc5904360b8"},
    {file = "psutil-5.7.3-cp38-cp38-win32.whl", hash = "sha256:ade6af32eb80a536eff162d799e31b7ef92ddcda707c27bbd077238065018df4"},
    {file = "psutil-5.7.3-cp38-cp38-win_amd64.whl", hash = "sha256:2cb55ef9591b03ef0104bedf67cc4edb38a3edf015cf8cf24007b99cb8497542"},
    {file = "psutil-5.7.3.tar.gz", hash = "sha256:af73f7bcebdc538eda9cc81d19db1db7bf26f103f91081d780bbacfcb620dee2"},
]
ptyprocess = [
    {file = "ptyprocess-0.6.0-py2.py3-none-any.whl", hash = "sha256:d7cc528d76e76342423ca640335bd3633420dc1366f258cb31d05e865ef5ca1f"},
    {file = "ptyprocess-0.6.0.tar.gz", hash = "sha256:923f299cc5ad920c68f2bc0bc98b75b9f838b93b599941a6b63ddbc2476394c0"},
]
pycparser = [
    {file = "pycparser-2.20-py2.py3-none-any.whl", hash = "sha256:7582ad22678f0fcd81102833f60ef8d0e57288b6b5fb00323d101be910e35705"},
    {file = "pycparser-2.20.tar.gz", hash = "sha256:2d475327684562c3a96cc71adf7dc8c4f0565175cf86b6d7a404ff4c771f15f0"},
]
pyelftools = [
    {file = "pyelftools-0.27-py2.py3-none-any.whl", hash = "sha256:5609aa6da1123fccfae2e8431a67b4146aa7fad5b3889f808df12b110f230937"},
    {file = "pyelftools-0.27.tar.gz", hash = "sha256:cde854e662774c5457d688ca41615f6594187ba7067af101232df889a6b7a66b"},
]
pylink-square = [
    {file = "pylink-square-0.8.1.tar.gz", hash = "sha256:989b7ce35f2ca2c211694958a6415e28fc389c17308921a24465b650991606e4"},
    {file = "pylink_square-0.8.1-py2.py3-none-any.whl", hash = "sha256:43482b300b2f2d58e2e321cce819126f2ee079e1eaeebdaebfb31f96f94d98b9"},
]
pyocd = [
    {file = "pyocd-0.28.3-py2.py3-none-any.whl", hash = "sha256:c5a10ebef689aaf1ca45e8db9ebd819324c30003dacf3f394f39f06e4d2689f7"},
    {file = "pyocd-0.28.3.tar.gz", hash = "sha256:e6b723bb6e28a5dd38c69452b07f11711abeaa4ab95a51dc24de971c24a0e075"},
]
pyserial = [
    {file = "pyserial-3.4-py2.py3-none-any.whl", hash = "sha256:e0770fadba80c31013896c7e6ef703f72e7834965954a78e71a3049488d4d7d8"},
    {file = "pyserial-3.4.tar.gz", hash = "sha256:6e2d401fdee0eab996cf734e67773a0143b932772ca8b42451440cfed942c627"},
]
pyusb = [
    {file = "pyusb-1.1.0.tar.gz", hash = "sha256:d69ed64bff0e2102da11b3f49567256867853b861178689671a163d30865c298"},
]
pyvirtualdisplay = [
    {file = "PyVirtualDisplay-0.2.5-py2.py3-none-any.whl", hash = "sha256:cab4ce130be34a9f62b402954451e829035616d39d7a1ba485dabbf77afb9fb4"},
    {file = "PyVirtualDisplay-0.2.5.tar.gz", hash = "sha256:5b267c8ffc98fcbd084ba852ab4caef3f22e9362bc5d117e1697e767553eaf41"},
]
pywin32 = [
    {file = "pywin32-300-cp35-cp35m-win32.whl", hash = "sha256:1c204a81daed2089e55d11eefa4826c05e604d27fe2be40b6bf8db7b6a39da63"},
    {file = "pywin32-300-cp35-cp35m-win_amd64.whl", hash = "sha256:350c5644775736351b77ba68da09a39c760d75d2467ecec37bd3c36a94fbed64"},
    {file = "pywin32-300-cp36-cp36m-win32.whl", hash = "sha256:a3b4c48c852d4107e8a8ec980b76c94ce596ea66d60f7a697582ea9dce7e0db7"},
    {file = "pywin32-300-cp36-cp36m-win_amd64.whl", hash = "sha256:27a30b887afbf05a9cbb05e3ffd43104a9b71ce292f64a635389dbad0ed1cd85"},
    {file = "pywin32-300-cp37-cp37m-win32.whl", hash = "sha256:d7e8c7efc221f10d6400c19c32a031add1c4a58733298c09216f57b4fde110dc"},
    {file = "pywin32-300-cp37-cp37m-win_amd64.whl", hash = "sha256:8151e4d7a19262d6694162d6da85d99a16f8b908949797fd99c83a0bfaf5807d"},
    {file = "pywin32-300-cp38-cp38-win32.whl", hash = "sha256:fbb3b1b0fbd0b4fc2a3d1d81fe0783e30062c1abed1d17c32b7879d55858cfae"},
    {file = "pywin32-300-cp38-cp38-win_amd64.whl", hash = "sha256:60a8fa361091b2eea27f15718f8eb7f9297e8d51b54dbc4f55f3d238093d5190"},
    {file = "pywin32-300-cp39-cp39-win32.whl", hash = "sha256:638b68eea5cfc8def537e43e9554747f8dee786b090e47ead94bfdafdb0f2f50"},
    {file = "pywin32-300-cp39-cp39-win_amd64.whl", hash = "sha256:b1609ce9bd5c411b81f941b246d683d6508992093203d4eb7f278f4ed1085c3f"},
]
pywinusb = [
    {file = "pywinusb-0.4.2.zip", hash = "sha256:e2f5e89f7b74239ca4843721a9bda0fc99014750630c189a176ec0e1b35e86df"},
]
pyyaml = [
    {file = "PyYAML-5.3.1-cp27-cp27m-win32.whl", hash = "sha256:74809a57b329d6cc0fdccee6318f44b9b8649961fa73144a98735b0aaf029f1f"},
    {file = "PyYAML-5.3.1-cp27-cp27m-win_amd64.whl", hash = "sha256:240097ff019d7c70a4922b6869d8a86407758333f02203e0fc6ff79c5dcede76"},
    {file = "PyYAML-5.3.1-cp35-cp35m-win32.whl", hash = "sha256:4f4b913ca1a7319b33cfb1369e91e50354d6f07a135f3b901aca02aa95940bd2"},
    {file = "PyYAML-5.3.1-cp35-cp35m-win_amd64.whl", hash = "sha256:cc8955cfbfc7a115fa81d85284ee61147059a753344bc51098f3ccd69b0d7e0c"},
    {file = "PyYAML-5.3.1-cp36-cp36m-win32.whl", hash = "sha256:7739fc0fa8205b3ee8808aea45e968bc90082c10aef6ea95e855e10abf4a37b2"},
    {file = "PyYAML-5.3.1-cp36-cp36m-win_amd64.whl", hash = "sha256:69f00dca373f240f842b2931fb2c7e14ddbacd1397d57157a9b005a6a9942648"},
    {file = "PyYAML-5.3.1-cp37-cp37m-win32.whl", hash = "sha256:d13155f591e6fcc1ec3b30685d50bf0711574e2c0dfffd7644babf8b5102ca1a"},
    {file = "PyYAML-5.3.1-cp37-cp37m-win_amd64.whl", hash = "sha256:73f099454b799e05e5ab51423c7bcf361c58d3206fa7b0d555426b1f4d9a3eaf"},
    {file = "PyYAML-5.3.1-cp38-cp38-win32.whl", hash = "sha256:06a0d7ba600ce0b2d2fe2e78453a470b5a6e000a985dd4a4e54e436cc36b0e97"},
    {file = "PyYAML-5.3.1-cp38-cp38-win_amd64.whl", hash = "sha256:95f71d2af0ff4227885f7a6605c37fd53d3a106fcab511b8860ecca9fcf400ee"},
    {file = "PyYAML-5.3.1.tar.gz", hash = "sha256:b8eac752c5e14d3eca0e6dd9199cd627518cb5ec06add0de9d32baeee6fe645d"},
]
requests = [
    {file = "requests-2.20.1-py2.py3-none-any.whl", hash = "sha256:65b3a120e4329e33c9889db89c80976c5272f56ea92d3e74da8a463992e3ff54"},
    {file = "requests-2.20.1.tar.gz", hash = "sha256:ea881206e59f41dbd0bd445437d792e43906703fff75ca8ff43ccdb11f33f263"},
]
"ruamel.yaml" = [
    {file = "ruamel.yaml-0.16.10-py2.py3-none-any.whl", hash = "sha256:0962fd7999e064c4865f96fb1e23079075f4a2a14849bcdc5cdba53a24f9759b"},
    {file = "ruamel.yaml-0.16.10.tar.gz", hash = "sha256:099c644a778bf72ffa00524f78dd0b6476bca94a1da344130f4bf3381ce5b954"},
]
"ruamel.yaml.clib" = [
    {file = "ruamel.yaml.clib-0.2.0-cp27-cp27m-macosx_10_9_x86_64.whl", hash = "sha256:9c6d040d0396c28d3eaaa6cb20152cb3b2f15adf35a0304f4f40a3cf9f1d2448"},
    {file = "ruamel.yaml.clib-0.2.0-cp27-cp27m-manylinux1_x86_64.whl", hash = "sha256:4d55386129291b96483edcb93b381470f7cd69f97585829b048a3d758d31210a"},
    {file = "ruamel.yaml.clib-0.2.0-cp27-cp27m-win32.whl", hash = "sha256:8073c8b92b06b572e4057b583c3d01674ceaf32167801fe545a087d7a1e8bf52"},
    {file = "ruamel.yaml.clib-0.2.0-cp27-cp27m-win_amd64.whl", hash = "sha256:615b0396a7fad02d1f9a0dcf9f01202bf9caefee6265198f252c865f4227fcc6"},
    {file = "ruamel.yaml.clib-0.2.0-cp27-cp27mu-manylinux1_x86_64.whl", hash = "sha256:a0ff786d2a7dbe55f9544b3f6ebbcc495d7e730df92a08434604f6f470b899c5"},
    {file = "ruamel.yaml.clib-0.2.0-cp35-cp35m-macosx_10_6_intel.whl", hash = "sha256:ea4362548ee0cbc266949d8a441238d9ad3600ca9910c3fe4e82ee3a50706973"},
    {file = "ruamel.yaml.clib-0.2.0-cp35-cp35m-manylinux1_x86_64.whl", hash = "sha256:77556a7aa190be9a2bd83b7ee075d3df5f3c5016d395613671487e79b082d784"},
    {file = "ruamel.yaml.clib-0.2.0-cp35-cp35m-win32.whl", hash = "sha256:392b7c371312abf27fb549ec2d5e0092f7ef6e6c9f767bfb13e83cb903aca0fd"},
    {file = "ruamel.yaml.clib-0.2.0-cp35-cp35m-win_amd64.whl", hash = "sha256:ed5b3698a2bb241b7f5cbbe277eaa7fe48b07a58784fba4f75224fd066d253ad"},
    {file = "ruamel.yaml.clib-0.2.0-cp36-cp36m-macosx_10_9_x86_64.whl", hash = "sha256:7aee724e1ff424757b5bd8f6c5bbdb033a570b2b4683b17ace4dbe61a99a657b"},
    {file = "ruamel.yaml.clib-0.2.0-cp36-cp36m-manylinux1_x86_64.whl", hash = "sha256:d0d3ac228c9bbab08134b4004d748cf9f8743504875b3603b3afbb97e3472947"},
    {file = "ruamel.yaml.clib-0.2.0-cp36-cp36m-win32.whl", hash = "sha256:f9dcc1ae73f36e8059589b601e8e4776b9976effd76c21ad6a855a74318efd6e"},
    {file = "ruamel.yaml.clib-0.2.0-cp36-cp36m-win_amd64.whl", hash = "sha256:1e77424825caba5553bbade750cec2277ef130647d685c2b38f68bc03453bac6"},
    {file = "ruamel.yaml.clib-0.2.0-cp37-cp37m-macosx_10_9_x86_64.whl", hash = "sha256:d10e9dd744cf85c219bf747c75194b624cc7a94f0c80ead624b06bfa9f61d3bc"},
    {file = "ruamel.yaml.clib-0.2.0-cp37-cp37m-manylinux1_x86_64.whl", hash = "sha256:550168c02d8de52ee58c3d8a8193d5a8a9491a5e7b2462d27ac5bf63717574c9"},
    {file = "ruamel.yaml.clib-0.2.0-cp37-cp37m-win32.whl", hash = "sha256:57933a6986a3036257ad7bf283529e7c19c2810ff24c86f4a0cfeb49d2099919"},
    {file = "ruamel.yaml.clib-0.2.0-cp37-cp37m-win_amd64.whl", hash = "sha256:b1b7fcee6aedcdc7e62c3a73f238b3d080c7ba6650cd808bce8d7761ec484070"},
    {file = "ruamel.yaml.clib-0.2.0-cp38-cp38-manylinux1_x86_64.whl", hash = "sha256:be018933c2f4ee7de55e7bd7d0d801b3dfb09d21dad0cce8a97995fd3e44be30"},
    {file = "ruamel.yaml.clib-0.2.0.tar.gz", hash = "sha256:b66832ea8077d9b3f6e311c4a53d06273db5dc2db6e8a908550f3c14d67e718c"},
]
selenium = [
    {file = "selenium-3.141.0-py2.py3-none-any.whl", hash = "sha256:2d7131d7bc5a5b99a2d9b04aaf2612c411b03b8ca1b1ee8d3de5845a9be2cb3c"},
    {file = "selenium-3.141.0.tar.gz", hash = "sha256:deaf32b60ad91a4611b98d8002757f29e6f2c2d5fcaf202e1c9ad06d6772300d"},
]
six = [
    {file = "six-1.15.0-py2.py3-none-any.whl", hash = "sha256:8b74bedcbbbaca38ff6d7491d76f2b06b3592611af620f8426e82dddb04a5ced"},
    {file = "six-1.15.0.tar.gz", hash = "sha256:30639c035cdb23534cd4aa2dd52c3bf48f06e5f4a941509c8bafd8ce11080259"},
]
sortedcontainers = [
    {file = "sortedcontainers-2.3.0-py2.py3-none-any.whl", hash = "sha256:37257a32add0a3ee490bb170b599e93095eed89a55da91fa9f48753ea12fd73f"},
    {file = "sortedcontainers-2.3.0.tar.gz", hash = "sha256:59cc937650cf60d677c16775597c89a960658a09cf7c1a668f86e1e4464b10a1"},
]
urllib3 = [
    {file = "urllib3-1.24.3-py2.py3-none-any.whl", hash = "sha256:a637e5fae88995b256e3409dc4d52c2e2e0ba32c42a6365fee8bbd2238de3cfb"},
    {file = "urllib3-1.24.3.tar.gz", hash = "sha256:2393a695cd12afedd0dcb26fe5d50d0cf248e5a66f75dbd89a3d4eb333a61af4"},
]
wcwidth = [
    {file = "wcwidth-0.2.5-py2.py3-none-any.whl", hash = "sha256:beb4802a9cebb9144e99086eff703a642a13d6a0052920003a230f3294bbe784"},
    {file = "wcwidth-0.2.5.tar.gz", hash = "sha256:c4d647b99872929fdb7bdcaa4fbe7f01413ed3d98077df798530e5b04f116c83"},
]
wmi = [
    {file = "WMI-1.5.1-py2.py3-none-any.whl", hash = "sha256:1d6b085e5c445141c475476000b661f60fff1aaa19f76bf82b7abb92e0ff4942"},
    {file = "WMI-1.5.1.tar.gz", hash = "sha256:b6a6be5711b1b6c8d55bda7a8befd75c48c12b770b9d227d31c1737dbf0d40a6"},
]
